
Microsoft Visual Studio Solution File, Format Version 12.00
# Visual Studio Version 17
VisualStudioVersion = 17.5.002.0
MinimumVisualStudioVersion = 10.0.40219.1
Project("{9A19103F-16F7-4668-BE54-9A1E7A4F7556}") = "PersonaWrathOfNyx", "PersonaWrathOfNyx.csproj", "{6FCD2D9A-E3E2-4E47-8486-B196E3FE9E88}"
EndProject
Global
	GlobalSection(SolutionConfigurationPlatforms) = preSolution
		Debug|Any CPU = Debug|Any CPU
		Release|Any CPU = Release|Any CPU
	EndGlobalSection
	GlobalSection(ProjectConfigurationPlatforms) = postSolution
		{6FCD2D9A-E3E2-4E47-8486-B196E3FE9E88}.Debug|Any CPU.ActiveCfg = Debug|Any CPU
		{6FCD2D9A-E3E2-4E47-8486-B196E3FE9E88}.Debug|Any CPU.Build.0 = Debug|Any CPU
		{6FCD2D9A-E3E2-4E47-8486-B196E3FE9E88}.Release|Any CPU.ActiveCfg = Release|Any CPU
		{6FCD2D9A-E3E2-4E47-8486-B196E3FE9E88}.Release|Any CPU.Build.0 = Release|Any CPU
	EndGlobalSection
	GlobalSection(SolutionProperties) = preSolution
		HideSolutionNode = FALSE
	EndGlobalSection
	GlobalSection(ExtensibilityGlobals) = postSolution
		SolutionGuid = {CB61365F-FF34-44AE-88D7-0ED53F026DD2}
	EndGlobalSection
EndGlobal
